
Microsoft Visual Studio Solution File, Format Version 12.00
# Visual Studio 15
VisualStudioVersion = 15.0.27130.2024
MinimumVisualStudioVersion = 10.0.40219.1
Project("{FAE04EC0-301F-11D3-BF4B-00C04F79EFBC}") = "_PriemerProyecto", "Proyecto01\_PriemerProyecto.csproj", "{2B86C20D-796C-4C3E-82F3-0F1B42E3264B}"
EndProject
Project("{FAE04EC0-301F-11D3-BF4B-00C04F79EFBC}") = "Clase02", "Clase02\Clase02.csproj", "{867F281C-4661-4BBE-8663-0179AFB80B42}"
EndProject
Project("{FAE04EC0-301F-11D3-BF4B-00C04F79EFBC}") = "Ejercicio_07", "Ejercicio_07\Ejercicio_07.csproj", "{0CAAA6F4-623A-4413-B105-C2CCEE2C9145}"
EndProject
Project("{FAE04EC0-301F-11D3-BF4B-00C04F79EFBC}") = "Ejercicio_01", "Ejercicio_01\Ejercicio_01.csproj", "{B4FDAFC9-AFF1-4897-9DF3-9964C0D06421}"
EndProject
Project("{FAE04EC0-301F-11D3-BF4B-00C04F79EFBC}") = "Ejercicio_02", "Ejercicio_02\Ejercicio_02.csproj", "{1D0497DC-6BAE-4927-B918-B7F92C0BCAA8}"
EndProject
Project("{FAE04EC0-301F-11D3-BF4B-00C04F79EFBC}") = "Ejercicio_03", "Ejercicio_03\Ejercicio_03.csproj", "{13DDC446-8785-4EE6-A0B4-E5EC590B87C7}"
EndProject
Project("{FAE04EC0-301F-11D3-BF4B-00C04F79EFBC}") = "Ejercicio_04", "Ejercicio_04\Ejercicio_04.csproj", "{3E646E41-6025-4C2A-8938-3AD48AFC337B}"
EndProject
Project("{FAE04EC0-301F-11D3-BF4B-00C04F79EFBC}") = "Ejercicio_05", "Ejercicio_05\Ejercicio_05.csproj", "{36A83908-59FC-4DB2-94C9-4E217CB9AC89}"
EndProject
Project("{FAE04EC0-301F-11D3-BF4B-00C04F79EFBC}") = "Ejercicio_06", "Ejercicio_06\Ejercicio_06.csproj", "{E36DEED3-7496-4D79-98D4-8E093FB18100}"
EndProject
Project("{FAE04EC0-301F-11D3-BF4B-00C04F79EFBC}") = "Ejercicio_09", "Ejercicio_09\Ejercicio_09.csproj", "{609AE12C-3869-432B-BAA4-5F26155B5547}"
EndProject
Project("{FAE04EC0-301F-11D3-BF4B-00C04F79EFBC}") = "Ejercicio_17", "Ejercicio_17\Ejercicio_17.csproj", "{219B063B-F91C-4D4A-8C19-FCBC2E2C506D}"
EndProject
Project("{FAE04EC0-301F-11D3-BF4B-00C04F79EFBC}") = "Entidades", "Entidades\Entidades.csproj", "{F76891CE-984B-42A1-87C5-73A3512BCA15}"
EndProject
Project("{FAE04EC0-301F-11D3-BF4B-00C04F79EFBC}") = "Clase_04.Entidades", "Clase_04\Clase_04.Entidades.csproj", "{ED29F47F-4EA6-4DB5-8D14-D9F84B4F30B4}"
EndProject
Project("{FAE04EC0-301F-11D3-BF4B-00C04F79EFBC}") = "Clase_04_test", "Clase_04_test\Clase_04_test.csproj", "{AD6FD980-378F-4CC0-81CA-95F34058A212}"
EndProject
Project("{FAE04EC0-301F-11D3-BF4B-00C04F79EFBC}") = "Ejercicio_08", "Ejercicio_08\Ejercicio_08.csproj", "{8A3FCC36-61A8-41D2-9EF9-C655A6F00273}"
EndProject
Project("{FAE04EC0-301F-11D3-BF4B-00C04F79EFBC}") = "Clase_04.WindowForms", "Clase_04.WindowForms\Clase_04.WindowForms.csproj", "{BFCDDAD9-2F0F-4597-A3F8-5BA6EEF051D8}"
EndProject
Global
	GlobalSection(SolutionConfigurationPlatforms) = preSolution
		Debug|Any CPU = Debug|Any CPU
		Release|Any CPU = Release|Any CPU
	EndGlobalSection
	GlobalSection(ProjectConfigurationPlatforms) = postSolution
		{2B86C20D-796C-4C3E-82F3-0F1B42E3264B}.Debug|Any CPU.ActiveCfg = Debug|Any CPU
		{2B86C20D-796C-4C3E-82F3-0F1B42E3264B}.Debug|Any CPU.Build.0 = Debug|Any CPU
		{2B86C20D-796C-4C3E-82F3-0F1B42E3264B}.Release|Any CPU.ActiveCfg = Release|Any CPU
		{2B86C20D-796C-4C3E-82F3-0F1B42E3264B}.Release|Any CPU.Build.0 = Release|Any CPU
		{867F281C-4661-4BBE-8663-0179AFB80B42}.Debug|Any CPU.ActiveCfg = Debug|Any CPU
		{867F281C-4661-4BBE-8663-0179AFB80B42}.Debug|Any CPU.Build.0 = Debug|Any CPU
		{867F281C-4661-4BBE-8663-0179AFB80B42}.Release|Any CPU.ActiveCfg = Release|Any CPU
		{867F281C-4661-4BBE-8663-0179AFB80B42}.Release|Any CPU.Build.0 = Release|Any CPU
		{0CAAA6F4-623A-4413-B105-C2CCEE2C9145}.Debug|Any CPU.ActiveCfg = Debug|Any CPU
		{0CAAA6F4-623A-4413-B105-C2CCEE2C9145}.Debug|Any CPU.Build.0 = Debug|Any CPU
		{0CAAA6F4-623A-4413-B105-C2CCEE2C9145}.Release|Any CPU.ActiveCfg = Release|Any CPU
		{0CAAA6F4-623A-4413-B105-C2CCEE2C9145}.Release|Any CPU.Build.0 = Release|Any CPU
		{B4FDAFC9-AFF1-4897-9DF3-9964C0D06421}.Debug|Any CPU.ActiveCfg = Debug|Any CPU
		{B4FDAFC9-AFF1-4897-9DF3-9964C0D06421}.Debug|Any CPU.Build.0 = Debug|Any CPU
		{B4FDAFC9-AFF1-4897-9DF3-9964C0D06421}.Release|Any CPU.ActiveCfg = Release|Any CPU
		{B4FDAFC9-AFF1-4897-9DF3-9964C0D06421}.Release|Any CPU.Build.0 = Release|Any CPU
		{1D0497DC-6BAE-4927-B918-B7F92C0BCAA8}.Debug|Any CPU.ActiveCfg = Debug|Any CPU
		{1D0497DC-6BAE-4927-B918-B7F92C0BCAA8}.Debug|Any CPU.Build.0 = Debug|Any CPU
		{1D0497DC-6BAE-4927-B918-B7F92C0BCAA8}.Release|Any CPU.ActiveCfg = Release|Any CPU
		{1D0497DC-6BAE-4927-B918-B7F92C0BCAA8}.Release|Any CPU.Build.0 = Release|Any CPU
		{13DDC446-8785-4EE6-A0B4-E5EC590B87C7}.Debug|Any CPU.ActiveCfg = Debug|Any CPU
		{13DDC446-8785-4EE6-A0B4-E5EC590B87C7}.Debug|Any CPU.Build.0 = Debug|Any CPU
		{13DDC446-8785-4EE6-A0B4-E5EC590B87C7}.Release|Any CPU.ActiveCfg = Release|Any CPU
		{13DDC446-8785-4EE6-A0B4-E5EC590B87C7}.Release|Any CPU.Build.0 = Release|Any CPU
		{3E646E41-6025-4C2A-8938-3AD48AFC337B}.Debug|Any CPU.ActiveCfg = Debug|Any CPU
		{3E646E41-6025-4C2A-8938-3AD48AFC337B}.Debug|Any CPU.Build.0 = Debug|Any CPU
		{3E646E41-6025-4C2A-8938-3AD48AFC337B}.Release|Any CPU.ActiveCfg = Release|Any CPU
		{3E646E41-6025-4C2A-8938-3AD48AFC337B}.Release|Any CPU.Build.0 = Release|Any CPU
		{36A83908-59FC-4DB2-94C9-4E217CB9AC89}.Debug|Any CPU.ActiveCfg = Debug|Any CPU
		{36A83908-59FC-4DB2-94C9-4E217CB9AC89}.Debug|Any CPU.Build.0 = Debug|Any CPU
		{36A83908-59FC-4DB2-94C9-4E217CB9AC89}.Release|Any CPU.ActiveCfg = Release|Any CPU
		{36A83908-59FC-4DB2-94C9-4E217CB9AC89}.Release|Any CPU.Build.0 = Release|Any CPU
		{E36DEED3-7496-4D79-98D4-8E093FB18100}.Debug|Any CPU.ActiveCfg = Debug|Any CPU
		{E36DEED3-7496-4D79-98D4-8E093FB18100}.Debug|Any CPU.Build.0 = Debug|Any CPU
		{E36DEED3-7496-4D79-98D4-8E093FB18100}.Release|Any CPU.ActiveCfg = Release|Any CPU
		{E36DEED3-7496-4D79-98D4-8E093FB18100}.Release|Any CPU.Build.0 = Release|Any CPU
		{609AE12C-3869-432B-BAA4-5F26155B5547}.Debug|Any CPU.ActiveCfg = Debug|Any CPU
		{609AE12C-3869-432B-BAA4-5F26155B5547}.Debug|Any CPU.Build.0 = Debug|Any CPU
		{609AE12C-3869-432B-BAA4-5F26155B5547}.Release|Any CPU.ActiveCfg = Release|Any CPU
		{609AE12C-3869-432B-BAA4-5F26155B5547}.Release|Any CPU.Build.0 = Release|Any CPU
		{219B063B-F91C-4D4A-8C19-FCBC2E2C506D}.Debug|Any CPU.ActiveCfg = Debug|Any CPU
		{219B063B-F91C-4D4A-8C19-FCBC2E2C506D}.Debug|Any CPU.Build.0 = Debug|Any CPU
		{219B063B-F91C-4D4A-8C19-FCBC2E2C506D}.Release|Any CPU.ActiveCfg = Release|Any CPU
		{219B063B-F91C-4D4A-8C19-FCBC2E2C506D}.Release|Any CPU.Build.0 = Release|Any CPU
		{F76891CE-984B-42A1-87C5-73A3512BCA15}.Debug|Any CPU.ActiveCfg = Debug|Any CPU
		{F76891CE-984B-42A1-87C5-73A3512BCA15}.Debug|Any CPU.Build.0 = Debug|Any CPU
		{F76891CE-984B-42A1-87C5-73A3512BCA15}.Release|Any CPU.ActiveCfg = Release|Any CPU
		{F76891CE-984B-42A1-87C5-73A3512BCA15}.Release|Any CPU.Build.0 = Release|Any CPU
		{ED29F47F-4EA6-4DB5-8D14-D9F84B4F30B4}.Debug|Any CPU.ActiveCfg = Debug|Any CPU
		{ED29F47F-4EA6-4DB5-8D14-D9F84B4F30B4}.Debug|Any CPU.Build.0 = Debug|Any CPU
		{ED29F47F-4EA6-4DB5-8D14-D9F84B4F30B4}.Release|Any CPU.ActiveCfg = Release|Any CPU
		{ED29F47F-4EA6-4DB5-8D14-D9F84B4F30B4}.Release|Any CPU.Build.0 = Release|Any CPU
		{AD6FD980-378F-4CC0-81CA-95F34058A212}.Debug|Any CPU.ActiveCfg = Debug|Any CPU
		{AD6FD980-378F-4CC0-81CA-95F34058A212}.Debug|Any CPU.Build.0 = Debug|Any CPU
		{AD6FD980-378F-4CC0-81CA-95F34058A212}.Release|Any CPU.ActiveCfg = Release|Any CPU
		{AD6FD980-378F-4CC0-81CA-95F34058A212}.Release|Any CPU.Build.0 = Release|Any CPU
		{8A3FCC36-61A8-41D2-9EF9-C655A6F00273}.Debug|Any CPU.ActiveCfg = Debug|Any CPU
		{8A3FCC36-61A8-41D2-9EF9-C655A6F00273}.Debug|Any CPU.Build.0 = Debug|Any CPU
		{8A3FCC36-61A8-41D2-9EF9-C655A6F00273}.Release|Any CPU.ActiveCfg = Release|Any CPU
		{8A3FCC36-61A8-41D2-9EF9-C655A6F00273}.Release|Any CPU.Build.0 = Release|Any CPU
		{BFCDDAD9-2F0F-4597-A3F8-5BA6EEF051D8}.Debug|Any CPU.ActiveCfg = Debug|Any CPU
		{BFCDDAD9-2F0F-4597-A3F8-5BA6EEF051D8}.Debug|Any CPU.Build.0 = Debug|Any CPU
		{BFCDDAD9-2F0F-4597-A3F8-5BA6EEF051D8}.Release|Any CPU.ActiveCfg = Release|Any CPU
		{BFCDDAD9-2F0F-4597-A3F8-5BA6EEF051D8}.Release|Any CPU.Build.0 = Release|Any CPU
	EndGlobalSection
	GlobalSection(SolutionProperties) = preSolution
		HideSolutionNode = FALSE
	EndGlobalSection
	GlobalSection(ExtensibilityGlobals) = postSolution
		SolutionGuid = {5AC8C98D-C40F-471B-89E3-AF3AD6610E18}
	EndGlobalSection
EndGlobal
